
Microsoft Visual Studio Solution File, Format Version 12.00
# Visual Studio Version 17
VisualStudioVersion = 17.7.34003.232
MinimumVisualStudioVersion = 10.0.40219.1
Project("{FAE04EC0-301F-11D3-BF4B-00C04F79EFBC}") = "RecommendationApp", "RecommendationApp\RecommendationApp.csproj", "{07989A87-DB1E-46DB-A5BD-470D48198102}"
EndProject
Global
	GlobalSection(SolutionConfigurationPlatforms) = preSolution
		Debug|Any CPU = Debug|Any CPU
		Release|Any CPU = Release|Any CPU
	EndGlobalSection
	GlobalSection(ProjectConfigurationPlatforms) = postSolution
		{07989A87-DB1E-46DB-A5BD-470D48198102}.Debug|Any CPU.ActiveCfg = Debug|Any CPU
		{07989A87-DB1E-46DB-A5BD-470D48198102}.Debug|Any CPU.Build.0 = Debug|Any CPU
		{07989A87-DB1E-46DB-A5BD-470D48198102}.Release|Any CPU.ActiveCfg = Release|Any CPU
		{07989A87-DB1E-46DB-A5BD-470D48198102}.Release|Any CPU.Build.0 = Release|Any CPU
	EndGlobalSection
	GlobalSection(SolutionProperties) = preSolution
		HideSolutionNode = FALSE
	EndGlobalSection
	GlobalSection(ExtensibilityGlobals) = postSolution
		SolutionGuid = {89680ACE-9D21-4566-9B18-B682A6211510}
	EndGlobalSection
EndGlobal
